<?xml version="1.0" encoding="utf-8"?>
<Project ToolsVersion="4.0" xmlns="http://schemas.microsoft.com/developer/msbuild/2003">
  <ItemGroup>
    <Filter Include="cjson">
      <UniqueIdentifier>{155c2784-e563-4e0f-bd6c-3cef3422518c}</UniqueIdentifier>
    </Filter>
    <Filter Include="tinyxml2">
      <UniqueIdentifier>{e71e903f-f814-4a62-b80a-119c308cabe7}</UniqueIdentifier>
    </Filter>
    <Filter Include="src">
      <UniqueIdentifier>{8d90ce0e-68b9-43f7-8eac-95e0f267ff64}</UniqueIdentifier>
    </Filter>
  </ItemGroup>
  <ItemGroup>
    <ClCompile Include="main.cpp" />
    <ClCompile Include="cjson\cJSON.c">
      <Filter>cjson</Filter>
    </ClCompile>
    <ClCompile Include="tinyxml2\tinyxml2.cpp">
      <Filter>tinyxml2</Filter>
    </ClCompile>
  </ItemGroup>
  <ItemGroup>
    <ClInclude Include="cjson\cJSON.h">
      <Filter>cjson</Filter>
    </ClInclude>
    <ClInclude Include="tinyxml2\tinyxml2.h">
      <Filter>tinyxml2</Filter>
    </ClInclude>
    <ClInclude Include="json_xml_interconverter.h" />
  </ItemGroup>
  <ItemGroup>
    <None Include="resources\json\test.json">
      <Filter>src</Filter>
    </None>
  </ItemGroup>
  <ItemGroup>
    <Xml Include="resources\xml\test.xml">
      <Filter>src</Filter>
    </Xml>
    <Xml Include="resources\xml\a.xml">
      <Filter>src</Filter>
    </Xml>
  </ItemGroup>
</Project>